
Microsoft Visual Studio Solution File, Format Version 12.00
# Visual Studio Version 17
VisualStudioVersion = 17.9.34622.214
MinimumVisualStudioVersion = 10.0.40219.1
Project("{8BC9CEB8-8B4A-11D0-8D11-00A0C91BC942}") = "Uniform Cost Search for romanian cities", "Uniform Cost Search for romanian cities.vcxproj", "{B3859233-B8B8-4F27-AF83-EC16980A0CC7}"
EndProject
Global
	GlobalSection(SolutionConfigurationPlatforms) = preSolution
		Debug|x64 = Debug|x64
		Debug|x86 = Debug|x86
		Release|x64 = Release|x64
		Release|x86 = Release|x86
	EndGlobalSection
	GlobalSection(ProjectConfigurationPlatforms) = postSolution
		{B3859233-B8B8-4F27-AF83-EC16980A0CC7}.Debug|x64.ActiveCfg = Debug|x64
		{B3859233-B8B8-4F27-AF83-EC16980A0CC7}.Debug|x64.Build.0 = Debug|x64
		{B3859233-B8B8-4F27-AF83-EC16980A0CC7}.Debug|x86.ActiveCfg = Debug|Win32
		{B3859233-B8B8-4F27-AF83-EC16980A0CC7}.Debug|x86.Build.0 = Debug|Win32
		{B3859233-B8B8-4F27-AF83-EC16980A0CC7}.Release|x64.ActiveCfg = Release|x64
		{B3859233-B8B8-4F27-AF83-EC16980A0CC7}.Release|x64.Build.0 = Release|x64
		{B3859233-B8B8-4F27-AF83-EC16980A0CC7}.Release|x86.ActiveCfg = Release|Win32
		{B3859233-B8B8-4F27-AF83-EC16980A0CC7}.Release|x86.Build.0 = Release|Win32
	EndGlobalSection
	GlobalSection(SolutionProperties) = preSolution
		HideSolutionNode = FALSE
	EndGlobalSection
	GlobalSection(ExtensibilityGlobals) = postSolution
		SolutionGuid = {4666D143-863A-42A5-A20B-82CA82D29230}
	EndGlobalSection
EndGlobal
